
Microsoft Visual Studio Solution File, Format Version 12.00
# Visual Studio Version 16
VisualStudioVersion = 16.0.30804.86
MinimumVisualStudioVersion = 10.0.40219.1
Project("{FAE04EC0-301F-11D3-BF4B-00C04F79EFBC}") = "ExManipulandoFiles", "ExManipulandoFiles\ExManipulandoFiles.csproj", "{7D5C4090-3AB3-4616-A91E-3A38DA158320}"
EndProject
Global
	GlobalSection(SolutionConfigurationPlatforms) = preSolution
		Debug|Any CPU = Debug|Any CPU
		Release|Any CPU = Release|Any CPU
	EndGlobalSection
	GlobalSection(ProjectConfigurationPlatforms) = postSolution
		{7D5C4090-3AB3-4616-A91E-3A38DA158320}.Debug|Any CPU.ActiveCfg = Debug|Any CPU
		{7D5C4090-3AB3-4616-A91E-3A38DA158320}.Debug|Any CPU.Build.0 = Debug|Any CPU
		{7D5C4090-3AB3-4616-A91E-3A38DA158320}.Release|Any CPU.ActiveCfg = Release|Any CPU
		{7D5C4090-3AB3-4616-A91E-3A38DA158320}.Release|Any CPU.Build.0 = Release|Any CPU
	EndGlobalSection
	GlobalSection(SolutionProperties) = preSolution
		HideSolutionNode = FALSE
	EndGlobalSection
	GlobalSection(ExtensibilityGlobals) = postSolution
		SolutionGuid = {19B94E2F-150F-4DE9-A20E-3D5F91600447}
	EndGlobalSection
EndGlobal
